
Microsoft Visual Studio Solution File, Format Version 12.00
# Visual Studio Version 17
VisualStudioVersion = 17.9.34723.18
MinimumVisualStudioVersion = 10.0.40219.1
Project("{2150E333-8FDC-42A3-9474-1A3956D46DE8}") = "Documents", "Documents", "{E56E88D1-5ED6-4FBF-84C2-9A6A7E347D5A}"
	ProjectSection(SolutionItems) = preProject
		DotNetTrainingBatch4.sql = DotNetTrainingBatch4.sql
		README.md = README.md
	EndProjectSection
EndProject
Project("{9A19103F-16F7-4668-BE54-9A1E7A4F7556}") = "CZODotNetCore.ConsoleApp", "CZODotNetCore.ConsoleApp\CZODotNetCore.ConsoleApp.csproj", "{6E532368-2450-44A4-8DD7-B986A2B67DF8}"
EndProject
Project("{9A19103F-16F7-4668-BE54-9A1E7A4F7556}") = "CZODotNetCore.RestApi", "CZODotNetCore.RestApi\CZODotNetCore.RestApi.csproj", "{4874E90D-1F1D-411B-9417-6B65F1975958}"
EndProject
Project("{9A19103F-16F7-4668-BE54-9A1E7A4F7556}") = "CZODotNetCore.Shared", "CZODotNetCore.Shared\CZODotNetCore.Shared.csproj", "{D45BDD93-0494-4DF7-B673-4A2A400B8798}"
EndProject
Project("{9A19103F-16F7-4668-BE54-9A1E7A4F7556}") = "CZODotNetCore.RestApiWithNLayer", "CZODotNetCore.RestApiWithNLayer\CZODotNetCore.RestApiWithNLayer.csproj", "{73B926D6-F3FD-411C-BD8F-4551DD636CE5}"
EndProject
Project("{FAE04EC0-301F-11D3-BF4B-00C04F79EFBC}") = "CZODotNetCore.ConsoleAppHttpClient", "CZODotNetCore.ConsoleAppHttpClient\CZODotNetCore.ConsoleAppHttpClient.csproj", "{DF11A41D-C8DB-4AEE-AC35-D1F4E24D4538}"
EndProject
Global
	GlobalSection(SolutionConfigurationPlatforms) = preSolution
		Debug|Any CPU = Debug|Any CPU
		Release|Any CPU = Release|Any CPU
	EndGlobalSection
	GlobalSection(ProjectConfigurationPlatforms) = postSolution
		{6E532368-2450-44A4-8DD7-B986A2B67DF8}.Debug|Any CPU.ActiveCfg = Debug|Any CPU
		{6E532368-2450-44A4-8DD7-B986A2B67DF8}.Debug|Any CPU.Build.0 = Debug|Any CPU
		{6E532368-2450-44A4-8DD7-B986A2B67DF8}.Release|Any CPU.ActiveCfg = Release|Any CPU
		{6E532368-2450-44A4-8DD7-B986A2B67DF8}.Release|Any CPU.Build.0 = Release|Any CPU
		{4874E90D-1F1D-411B-9417-6B65F1975958}.Debug|Any CPU.ActiveCfg = Debug|Any CPU
		{4874E90D-1F1D-411B-9417-6B65F1975958}.Debug|Any CPU.Build.0 = Debug|Any CPU
		{4874E90D-1F1D-411B-9417-6B65F1975958}.Release|Any CPU.ActiveCfg = Release|Any CPU
		{4874E90D-1F1D-411B-9417-6B65F1975958}.Release|Any CPU.Build.0 = Release|Any CPU
		{D45BDD93-0494-4DF7-B673-4A2A400B8798}.Debug|Any CPU.ActiveCfg = Debug|Any CPU
		{D45BDD93-0494-4DF7-B673-4A2A400B8798}.Debug|Any CPU.Build.0 = Debug|Any CPU
		{D45BDD93-0494-4DF7-B673-4A2A400B8798}.Release|Any CPU.ActiveCfg = Release|Any CPU
		{D45BDD93-0494-4DF7-B673-4A2A400B8798}.Release|Any CPU.Build.0 = Release|Any CPU
		{73B926D6-F3FD-411C-BD8F-4551DD636CE5}.Debug|Any CPU.ActiveCfg = Debug|Any CPU
		{73B926D6-F3FD-411C-BD8F-4551DD636CE5}.Debug|Any CPU.Build.0 = Debug|Any CPU
		{73B926D6-F3FD-411C-BD8F-4551DD636CE5}.Release|Any CPU.ActiveCfg = Release|Any CPU
		{73B926D6-F3FD-411C-BD8F-4551DD636CE5}.Release|Any CPU.Build.0 = Release|Any CPU
		{DF11A41D-C8DB-4AEE-AC35-D1F4E24D4538}.Debug|Any CPU.ActiveCfg = Debug|Any CPU
		{DF11A41D-C8DB-4AEE-AC35-D1F4E24D4538}.Debug|Any CPU.Build.0 = Debug|Any CPU
		{DF11A41D-C8DB-4AEE-AC35-D1F4E24D4538}.Release|Any CPU.ActiveCfg = Release|Any CPU
		{DF11A41D-C8DB-4AEE-AC35-D1F4E24D4538}.Release|Any CPU.Build.0 = Release|Any CPU
	EndGlobalSection
	GlobalSection(SolutionProperties) = preSolution
		HideSolutionNode = FALSE
	EndGlobalSection
	GlobalSection(NestedProjects) = preSolution
		{6E532368-2450-44A4-8DD7-B986A2B67DF8} = {E56E88D1-5ED6-4FBF-84C2-9A6A7E347D5A}
	EndGlobalSection
	GlobalSection(ExtensibilityGlobals) = postSolution
		SolutionGuid = {D9E42E03-9E8D-45EB-B6C7-CAAE0D3359C1}
	EndGlobalSection
EndGlobal
